// !$*UTF8*$!
{
	archiveVersion = 1;
	classes = {
	};
	objectVersion = 46;
	objects = {

/* Begin PBXBuildFile section */
		89DA601F1E4858AD00325B8A /* AppDelegate.swift in Sources */ = {isa = PBXBuildFile; fileRef = 89DA601E1E4858AD00325B8A /* AppDelegate.swift */; };
		89DA60211E4858AD00325B8A /* ViewController.swift in Sources */ = {isa = PBXBuildFile; fileRef = 89DA60201E4858AD00325B8A /* ViewController.swift */; };
		89DA60241E4858AD00325B8A /* Main.storyboard in Resources */ = {isa = PBXBuildFile; fileRef = 89DA60221E4858AD00325B8A /* Main.storyboard */; };
		89DA60261E4858AD00325B8A /* Assets.xcassets in Resources */ = {isa = PBXBuildFile; fileRef = 89DA60251E4858AD00325B8A /* Assets.xcassets */; };
		89DA60291E4858AD00325B8A /* LaunchScreen.storyboard in Resources */ = {isa = PBXBuildFile; fileRef = 89DA60271E4858AD00325B8A /* LaunchScreen.storyboard */; };
		89DA60311E485E2900325B8A /* test.html in Resources */ = {isa = PBXBuildFile; fileRef = 89DA60301E485E2900325B8A /* test.html */; };
		89DA60351E486C1000325B8A /* report_logo.png in Resources */ = {isa = PBXBuildFile; fileRef = 89DA60341E486C1000325B8A /* report_logo.png */; };
		89E70E761F61626D004554A4 /* PreviewViewController.swift in Sources */ = {isa = PBXBuildFile; fileRef = 89E70E751F61626D004554A4 /* PreviewViewController.swift */; };
/* End PBXBuildFile section */

/* Begin PBXFileReference section */
		89DA601B1E4858AD00325B8A /* TestMakeAndPrintPDF.app */ = {isa = PBXFileReference; explicitFileType = wrapper.application; includeInIndex = 0; path = TestMakeAndPrintPDF.app; sourceTree = BUILT_PRODUCTS_DIR; };
		89DA601E1E4858AD00325B8A /* AppDelegate.swift */ = {isa = PBXFileReference; lastKnownFileType = sourcecode.swift; path = AppDelegate.swift; sourceTree = "<group>"; };
		89DA60201E4858AD00325B8A /* ViewController.swift */ = {isa = PBXFileReference; lastKnownFileType = sourcecode.swift; path = ViewController.swift; sourceTree = "<group>"; };
		89DA60231E4858AD00325B8A /* Base */ = {isa = PBXFileReference; lastKnownFileType = file.storyboard; name = Base; path = Base.lproj/Main.storyboard; sourceTree = "<group>"; };
		89DA60251E4858AD00325B8A /* Assets.xcassets */ = {isa = PBXFileReference; lastKnownFileType = folder.assetcatalog; path = Assets.xcassets; sourceTree = "<group>"; };
		89DA60281E4858AD00325B8A /* Base */ = {isa = PBXFileReference; lastKnownFileType = file.storyboard; name = Base; path = Base.lproj/LaunchScreen.storyboard; sourceTree = "<group>"; };
		89DA602A1E4858AD00325B8A /* Info.plist */ = {isa = PBXFileReference; lastKnownFileType = text.plist.xml; path = Info.plist; sourceTree = "<group>"; };
		89DA60301E485E2900325B8A /* test.html */ = {isa = PBXFileReference; fileEncoding = 4; lastKnownFileType = text.html; path = test.html; sourceTree = "<group>"; };
		89DA60341E486C1000325B8A /* report_logo.png */ = {isa = PBXFileReference; lastKnownFileType = image.png; path = report_logo.png; sourceTree = "<group>"; };
		89E70E751F61626D004554A4 /* PreviewViewController.swift */ = {isa = PBXFileReference; fileEncoding = 4; lastKnownFileType = sourcecode.swift; path = PreviewViewController.swift; sourceTree = "<group>"; };
/* End PBXFileReference section */

/* Begin PBXFrameworksBuildPhase section */
		89DA60181E4858AD00325B8A /* Frameworks */ = {
			isa = PBXFrameworksBuildPhase;
			buildActionMask = 2147483647;
			files = (
			);
			runOnlyForDeploymentPostprocessing = 0;
		};
/* End PBXFrameworksBuildPhase section */

/* Begin PBXGroup section */
		89DA60121E4858AD00325B8A = {
			isa = PBXGroup;
			children = (
				89DA601D1E4858AD00325B8A /* TestMakeAndPrintPDF */,
				89DA601C1E4858AD00325B8A /* Products */,
			);
			sourceTree = "<group>";
		};
		89DA601C1E4858AD00325B8A /* Products */ = {
			isa = PBXGroup;
			children = (
				89DA601B1E4858AD00325B8A /* TestMakeAndPrintPDF.app */,
			);
			name = Products;
			sourceTree = "<group>";
		};
		89DA601D1E4858AD00325B8A /* TestMakeAndPrintPDF */ = {
			isa = PBXGroup;
			children = (
				89DA601E1E4858AD00325B8A /* AppDelegate.swift */,
				89DA60201E4858AD00325B8A /* ViewController.swift */,
				89E70E751F61626D004554A4 /* PreviewViewController.swift */,
				89DA60221E4858AD00325B8A /* Main.storyboard */,
				89DA60251E4858AD00325B8A /* Assets.xcassets */,
				89DA60271E4858AD00325B8A /* LaunchScreen.storyboard */,
				89DA602A1E4858AD00325B8A /* Info.plist */,
				89DA60301E485E2900325B8A /* test.html */,
				89DA60341E486C1000325B8A /* report_logo.png */,
			);
			path = TestMakeAndPrintPDF;
			sourceTree = "<group>";
		};
/* End PBXGroup section */

/* Begin PBXNativeTarget section */
		89DA601A1E4858AD00325B8A /* TestMakeAndPrintPDF */ = {
			isa = PBXNativeTarget;
			buildConfigurationList = 89DA602D1E4858AD00325B8A /* Build configuration list for PBXNativeTarget "TestMakeAndPrintPDF" */;
			buildPhases = (
				89DA60171E4858AD00325B8A /* Sources */,
				89DA60181E4858AD00325B8A /* Frameworks */,
				89DA60191E4858AD00325B8A /* Resources */,
			);
			buildRules = (
			);
			dependencies = (
			);
			name = TestMakeAndPrintPDF;
			productName = TestMakeAndPrintPDF;
			productReference = 89DA601B1E4858AD00325B8A /* TestMakeAndPrintPDF.app */;
			productType = "com.apple.product-type.application";
		};
/* End PBXNativeTarget section */

/* Begin PBXProject section */
		89DA60131E4858AD00325B8A /* Project object */ = {
			isa = PBXProject;
			attributes = {
				LastSwiftUpdateCheck = 0820;
				LastUpgradeCheck = 0820;
				ORGANIZATIONNAME = DutchVirtual;
				TargetAttributes = {
					89DA601A1E4858AD00325B8A = {
						CreatedOnToolsVersion = 8.2.1;
						ProvisioningStyle = Manual;
					};
				};
			};
			buildConfigurationList = 89DA60161E4858AD00325B8A /* Build configuration list for PBXProject "TestMakeAndPrintPDF" */;
			compatibilityVersion = "Xcode 3.2";
			developmentRegion = English;
			hasScannedForEncodings = 0;
			knownRegions = (
				en,
				Base,
			);
			mainGroup = 89DA60121E4858AD00325B8A;
			productRefGroup = 89DA601C1E4858AD00325B8A /* Products */;
			projectDirPath = "";
			projectRoot = "";
			targets = (
				89DA601A1E4858AD00325B8A /* TestMakeAndPrintPDF */,
			);
		};
/* End PBXProject section */

/* Begin PBXResourcesBuildPhase section */
		89DA60191E4858AD00325B8A /* Resources */ = {
			isa = PBXResourcesBuildPhase;
			buildActionMask = 2147483647;
			files = (
				89DA60311E485E2900325B8A /* test.html in Resources */,
				89DA60291E4858AD00325B8A /* LaunchScreen.storyboard in Resources */,
				89DA60261E4858AD00325B8A /* Assets.xcassets in Resources */,
				89DA60351E486C1000325B8A /* report_logo.png in Resources */,
				89DA60241E4858AD00325B8A /* Main.storyboard in Resources */,
			);
			runOnlyForDeploymentPostprocessing = 0;
		};
/* End PBXResourcesBuildPhase section */

/* Begin PBXSourcesBuildPhase section */
		89DA60171E4858AD00325B8A /* Sources */ = {
			isa = PBXSourcesBuildPhase;
			buildActionMask = 2147483647;
			files = (
				89DA60211E4858AD00325B8A /* ViewController.swift in Sources */,
				89DA601F1E4858AD00325B8A /* AppDelegate.swift in Sources */,
				89E70E761F61626D004554A4 /* PreviewViewController.swift in Sources */,
			);
			runOnlyForDeploymentPostprocessing = 0;
		};
/* End PBXSourcesBuildPhase section */

/* Begin PBXVariantGroup section */
		89DA60221E4858AD00325B8A /* Main.storyboard */ = {
			isa = PBXVariantGroup;
			children = (
				89DA60231E4858AD00325B8A /* Base */,
			);
			name = Main.storyboard;
			sourceTree = "<group>";
		};
		89DA60271E4858AD00325B8A /* LaunchScreen.storyboard */ = {
			isa = PBXVariantGroup;
			children = (
				89DA60281E4858AD00325B8A /* Base */,
			);
			name = LaunchScreen.storyboard;
			sourceTree = "<group>";
		};
/* End PBXVariantGroup section */

/* Begin XCBuildConfiguration section */
		89DA602B1E4858AD00325B8A /* Debug */ = {
			isa = XCBuildConfiguration;
			buildSettings = {
				ALWAYS_SEARCH_USER_PATHS = NO;
				CLANG_ANALYZER_NONNULL = YES;
				CLANG_CXX_LANGUAGE_STANDARD = "gnu++0x";
				CLANG_CXX_LIBRARY = "libc++";
				CLANG_ENABLE_MODULES = YES;
				CLANG_ENABLE_OBJC_ARC = YES;
				CLANG_WARN_BOOL_CONVERSION = YES;
				CLANG_WARN_CONSTANT_CONVERSION = YES;
				CLANG_WARN_DIRECT_OBJC_ISA_USAGE = YES_ERROR;
				CLANG_WARN_DOCUMENTATION_COMMENTS = YES;
				CLANG_WARN_EMPTY_BODY = YES;
				CLANG_WARN_ENUM_CONVERSION = YES;
				CLANG_WARN_INFINITE_RECURSION = YES;
				CLANG_WARN_INT_CONVERSION = YES;
				CLANG_WARN_OBJC_ROOT_CLASS = YES_ERROR;
				CLANG_WARN_SUSPICIOUS_MOVE = YES;
				CLANG_WARN_UNREACHABLE_CODE = YES;
				CLANG_WARN__DUPLICATE_METHOD_MATCH = YES;
				"CODE_SIGN_IDENTITY[sdk=iphoneos*]" = "iPhone Developer";
				COPY_PHASE_STRIP = NO;
				DEBUG_INFORMATION_FORMAT = dwarf;
				ENABLE_STRICT_OBJC_MSGSEND = YES;
				ENABLE_TESTABILITY = YES;
				GCC_C_LANGUAGE_STANDARD = gnu99;
				GCC_DYNAMIC_NO_PIC = NO;
				GCC_NO_COMMON_BLOCKS = YES;
				GCC_OPTIMIZATION_LEVEL = 0;
				GCC_PREPROCESSOR_DEFINITIONS = (
					"DEBUG=1",
					"$(inherited)",
				);
				GCC_WARN_64_TO_32_BIT_CONVERSION = YES;
				GCC_WARN_ABOUT_RETURN_TYPE = YES_ERROR;
				GCC_WARN_UNDECLARED_SELECTOR = YES;
				GCC_WARN_UNINITIALIZED_AUTOS = YES_AGGRESSIVE;
				GCC_WARN_UNUSED_FUNCTION = YES;
				GCC_WARN_UNUSED_VARIABLE = YES;
				IPHONEOS_DEPLOYMENT_TARGET = 10.2;
				MTL_ENABLE_DEBUG_INFO = YES;
				ONLY_ACTIVE_ARCH = YES;
				SDKROOT = iphoneos;
				SWIFT_ACTIVE_COMPILATION_CONDITIONS = DEBUG;
				SWIFT_OPTIMIZATION_LEVEL = "-Onone";
				TARGETED_DEVICE_FAMILY = "1,2";
			};
			name = Debug;
		};
		89DA602C1E4858AD00325B8A /* Release */ = {
			isa = XCBuildConfiguration;
			buildSettings = {
				ALWAYS_SEARCH_USER_PATHS = NO;
				CLANG_ANALYZER_NONNULL = YES;
				CLANG_CXX_LANGUAGE_STANDARD = "gnu++0x";
				CLANG_CXX_LIBRARY = "libc++";
				CLANG_ENABLE_MODULES = YES;
				CLANG_ENABLE_OBJC_ARC = YES;
				CLANG_WARN_BOOL_CONVERSION = YES;
				CLANG_WARN_CONSTANT_CONVERSION = YES;
				CLANG_WARN_DIRECT_OBJC_ISA_USAGE = YES_ERROR;
				CLANG_WARN_DOCUMENTATION_COMMENTS = YES;
				CLANG_WARN_EMPTY_BODY = YES;
				CLANG_WARN_ENUM_CONVERSION = YES;
				CLANG_WARN_INFINITE_RECURSION = YES;
				CLANG_WARN_INT_CONVERSION = YES;
				CLANG_WARN_OBJC_ROOT_CLASS = YES_ERROR;
				CLANG_WARN_SUSPICIOUS_MOVE = YES;
				CLANG_WARN_UNREACHABLE_CODE = YES;
				CLANG_WARN__DUPLICATE_METHOD_MATCH = YES;
				"CODE_SIGN_IDENTITY[sdk=iphoneos*]" = "iPhone Developer";
				COPY_PHASE_STRIP = NO;
				DEBUG_INFORMATION_FORMAT = "dwarf-with-dsym";
				ENABLE_NS_ASSERTIONS = NO;
				ENABLE_STRICT_OBJC_MSGSEND = YES;
				GCC_C_LANGUAGE_STANDARD = gnu99;
				GCC_NO_COMMON_BLOCKS = YES;
				GCC_WARN_64_TO_32_BIT_CONVERSION = YES;
				GCC_WARN_ABOUT_RETURN_TYPE = YES_ERROR;
				GCC_WARN_UNDECLARED_SELECTOR = YES;
				GCC_WARN_UNINITIALIZED_AUTOS = YES_AGGRESSIVE;
				GCC_WARN_UNUSED_FUNCTION = YES;
				GCC_WARN_UNUSED_VARIABLE = YES;
				IPHONEOS_DEPLOYMENT_TARGET = 10.2;
				MTL_ENABLE_DEBUG_INFO = NO;
				SDKROOT = iphoneos;
				SWIFT_OPTIMIZATION_LEVEL = "-Owholemodule";
				TARGETED_DEVICE_FAMILY = "1,2";
				VALIDATE_PRODUCT = YES;
			};
			name = Release;
		};
		89DA602E1E4858AD00325B8A /* Debug */ = {
			isa = XCBuildConfiguration;
			buildSettings = {
				ASSETCATALOG_COMPILER_APPICON_NAME = AppIcon;
				CODE_SIGN_STYLE = Manual;
				DEVELOPMENT_TEAM = "";
				INFOPLIST_FILE = TestMakeAndPrintPDF/Info.plist;
				LD_RUNPATH_SEARCH_PATHS = "$(inherited) @executable_path/Frameworks";
				PRODUCT_BUNDLE_IDENTIFIER = nl.dutchvirtual.TestMakeAndPrintPDF;
				PRODUCT_NAME = "$(TARGET_NAME)";
				PROVISIONING_PROFILE_SPECIFIER = "";
				SWIFT_VERSION = 3.0;
			};
			name = Debug;
		};
		89DA602F1E4858AD00325B8A /* Release */ = {
			isa = XCBuildConfiguration;
			buildSettings = {
				ASSETCATALOG_COMPILER_APPICON_NAME = AppIcon;
				CODE_SIGN_STYLE = Manual;
				DEVELOPMENT_TEAM = "";
				INFOPLIST_FILE = TestMakeAndPrintPDF/Info.plist;
				LD_RUNPATH_SEARCH_PATHS = "$(inherited) @executable_path/Frameworks";
				PRODUCT_BUNDLE_IDENTIFIER = nl.dutchvirtual.TestMakeAndPrintPDF;
				PRODUCT_NAME = "$(TARGET_NAME)";
				PROVISIONING_PROFILE_SPECIFIER = "";
				SWIFT_VERSION = 3.0;
			};
			name = Release;
		};
/* End XCBuildConfiguration section */

/* Begin XCConfigurationList section */
		89DA60161E4858AD00325B8A /* Build configuration list for PBXProject "TestMakeAndPrintPDF" */ = {
			isa = XCConfigurationList;
			buildConfigurations = (
				89DA602B1E4858AD00325B8A /* Debug */,
				89DA602C1E4858AD00325B8A /* Release */,
			);
			defaultConfigurationIsVisible = 0;
			defaultConfigurationName = Release;
		};
		89DA602D1E4858AD00325B8A /* Build configuration list for PBXNativeTarget "TestMakeAndPrintPDF" */ = {
			isa = XCConfigurationList;
			buildConfigurations = (
				89DA602E1E4858AD00325B8A /* Debug */,
				89DA602F1E4858AD00325B8A /* Release */,
			);
			defaultConfigurationIsVisible = 0;
			defaultConfigurationName = Release;
		};
/* End XCConfigurationList section */
	};
	rootObject = 89DA60131E4858AD00325B8A /* Project object */;
}
